// !$*UTF8*$!
{
	archiveVersion = 1;
	classes = {
	};
	objectVersion = 77;
	objects = {

/* Begin PBXBuildFile section */
		691210DF2DAF1C0800E3AA06 /* Tracks.swift in Sources */ = {isa = PBXBuildFile; fileRef = 691210DE2DAF1C0800E3AA06 /* Tracks.swift */; };
		691210E12DAF1D2F00E3AA06 /* Albums.swift in Sources */ = {isa = PBXBuildFile; fileRef = 691210E02DAF1D2F00E3AA06 /* Albums.swift */; };
		691210E32DAF1EC900E3AA06 /* Artists.swift in Sources */ = {isa = PBXBuildFile; fileRef = 691210E22DAF1EC900E3AA06 /* Artists.swift */; };
		691211092DB01B9D00E3AA06 /* Account.swift in Sources */ = {isa = PBXBuildFile; fileRef = 691211082DB01B9D00E3AA06 /* Account.swift */; };
		6912110C2DB091B000E3AA06 /* SwiftyJSON in Frameworks */ = {isa = PBXBuildFile; productRef = 6912110B2DB091B000E3AA06 /* SwiftyJSON */; };
		6912110F2DB14E3000E3AA06 /* Alamofire in Frameworks */ = {isa = PBXBuildFile; productRef = 6912110E2DB14E3000E3AA06 /* Alamofire */; };
		692833C02DF5FC3A004868CB /* Search.swift in Sources */ = {isa = PBXBuildFile; fileRef = 692833BF2DF5FC3A004868CB /* Search.swift */; };
		69283BAE2E0217B500C64EA4 /* AppIcon.xcassets in Resources */ = {isa = PBXBuildFile; fileRef = 69283BAD2E0217B500C64EA4 /* AppIcon.xcassets */; };
		694C16B42D9468F300328F6D /* MusicButton.swift in Sources */ = {isa = PBXBuildFile; fileRef = 694C16B32D9468F300328F6D /* MusicButton.swift */; };
		695459992DB69EB300A3DB11 /* SocketIO in Frameworks */ = {isa = PBXBuildFile; productRef = 695459982DB69EB300A3DB11 /* SocketIO */; };
		6954599B2DB6A10400A3DB11 /* SocketIO.swift in Sources */ = {isa = PBXBuildFile; fileRef = 6954599A2DB6A10400A3DB11 /* SocketIO.swift */; };
		6954599D2DB74F5A00A3DB11 /* mapleDefault.xcassets in Resources */ = {isa = PBXBuildFile; fileRef = 6954599C2DB74F5A00A3DB11 /* mapleDefault.xcassets */; };
		695459A22DB9D1A200A3DB11 /* SwiftVibrantium in Frameworks */ = {isa = PBXBuildFile; productRef = 695459A12DB9D1A200A3DB11 /* SwiftVibrantium */; };
		695B297B2D910B2C00D24EF2 /* Home.swift in Sources */ = {isa = PBXBuildFile; fileRef = 695B297A2D910B2C00D24EF2 /* Home.swift */; };
		695B2DD02DC1721B00D3862A /* Settings.swift in Sources */ = {isa = PBXBuildFile; fileRef = 695B2DCF2DC1721B00D3862A /* Settings.swift */; };
		696780952DFC15D0009FDE8D /* Playlists.swift in Sources */ = {isa = PBXBuildFile; fileRef = 696780942DFC15D0009FDE8D /* Playlists.swift */; };
		6967809B2E00636A009FDE8D /* AppIcon.icon in Resources */ = {isa = PBXBuildFile; fileRef = 6967809A2E00636A009FDE8D /* AppIcon.icon */; };
		69CCFFCB2E11CAC100B3E242 /* AMPlayer.swift in Sources */ = {isa = PBXBuildFile; fileRef = 69CCFFCA2E11CAC100B3E242 /* AMPlayer.swift */; };
		69D43B432E19D5F200DFE8B0 /* MusadoraKit in Frameworks */ = {isa = PBXBuildFile; productRef = 69D43B422E19D5F200DFE8B0 /* MusadoraKit */; };
/* End PBXBuildFile section */

/* Begin PBXContainerItemProxy section */
		69D91D272D90F84700456238 /* PBXContainerItemProxy */ = {
			isa = PBXContainerItemProxy;
			containerPortal = 69D91D0E2D90F84500456238 /* Project object */;
			proxyType = 1;
			remoteGlobalIDString = 69D91D152D90F84500456238;
			remoteInfo = Maple;
		};
		69D91D312D90F84700456238 /* PBXContainerItemProxy */ = {
			isa = PBXContainerItemProxy;
			containerPortal = 69D91D0E2D90F84500456238 /* Project object */;
			proxyType = 1;
			remoteGlobalIDString = 69D91D152D90F84500456238;
			remoteInfo = Maple;
		};
/* End PBXContainerItemProxy section */

/* Begin PBXFileReference section */
		691210DE2DAF1C0800E3AA06 /* Tracks.swift */ = {isa = PBXFileReference; lastKnownFileType = sourcecode.swift; path = Tracks.swift; sourceTree = "<group>"; };
		691210E02DAF1D2F00E3AA06 /* Albums.swift */ = {isa = PBXFileReference; lastKnownFileType = sourcecode.swift; path = Albums.swift; sourceTree = "<group>"; };
		691210E22DAF1EC900E3AA06 /* Artists.swift */ = {isa = PBXFileReference; lastKnownFileType = sourcecode.swift; path = Artists.swift; sourceTree = "<group>"; };
		691211082DB01B9D00E3AA06 /* Account.swift */ = {isa = PBXFileReference; lastKnownFileType = sourcecode.swift; path = Account.swift; sourceTree = "<group>"; };
		692833BF2DF5FC3A004868CB /* Search.swift */ = {isa = PBXFileReference; lastKnownFileType = sourcecode.swift; path = Search.swift; sourceTree = "<group>"; };
		69283BAD2E0217B500C64EA4 /* AppIcon.xcassets */ = {isa = PBXFileReference; lastKnownFileType = folder.assetcatalog; path = AppIcon.xcassets; sourceTree = "<group>"; };
		694C16B32D9468F300328F6D /* MusicButton.swift */ = {isa = PBXFileReference; lastKnownFileType = sourcecode.swift; path = MusicButton.swift; sourceTree = "<group>"; };
		6954599A2DB6A10400A3DB11 /* SocketIO.swift */ = {isa = PBXFileReference; lastKnownFileType = sourcecode.swift; path = SocketIO.swift; sourceTree = "<group>"; };
		6954599C2DB74F5A00A3DB11 /* mapleDefault.xcassets */ = {isa = PBXFileReference; lastKnownFileType = folder.assetcatalog; path = mapleDefault.xcassets; sourceTree = "<group>"; };
		695B297A2D910B2C00D24EF2 /* Home.swift */ = {isa = PBXFileReference; lastKnownFileType = sourcecode.swift; path = Home.swift; sourceTree = "<group>"; };
		695B2DCF2DC1721B00D3862A /* Settings.swift */ = {isa = PBXFileReference; lastKnownFileType = sourcecode.swift; path = Settings.swift; sourceTree = "<group>"; };
		696780942DFC15D0009FDE8D /* Playlists.swift */ = {isa = PBXFileReference; lastKnownFileType = sourcecode.swift; path = Playlists.swift; sourceTree = "<group>"; };
		6967809A2E00636A009FDE8D /* AppIcon.icon */ = {isa = PBXFileReference; lastKnownFileType = folder.iconcomposer.icon; path = AppIcon.icon; sourceTree = "<group>"; };
		69CCFFCA2E11CAC100B3E242 /* AMPlayer.swift */ = {isa = PBXFileReference; lastKnownFileType = sourcecode.swift; path = AMPlayer.swift; sourceTree = "<group>"; };
		69D91D162D90F84500456238 /* Maple.app */ = {isa = PBXFileReference; explicitFileType = wrapper.application; includeInIndex = 0; path = Maple.app; sourceTree = BUILT_PRODUCTS_DIR; };
		69D91D262D90F84700456238 /* MapleTests.xctest */ = {isa = PBXFileReference; explicitFileType = wrapper.cfbundle; includeInIndex = 0; path = MapleTests.xctest; sourceTree = BUILT_PRODUCTS_DIR; };
		69D91D302D90F84700456238 /* MapleUITests.xctest */ = {isa = PBXFileReference; explicitFileType = wrapper.cfbundle; includeInIndex = 0; path = MapleUITests.xctest; sourceTree = BUILT_PRODUCTS_DIR; };
/* End PBXFileReference section */

/* Begin PBXFileSystemSynchronizedBuildFileExceptionSet section */
		691211072DAFF82E00E3AA06 /* Exceptions for "Maple" folder in "Maple" target */ = {
			isa = PBXFileSystemSynchronizedBuildFileExceptionSet;
			membershipExceptions = (
				Info.plist,
			);
			target = 69D91D152D90F84500456238 /* Maple */;
		};
/* End PBXFileSystemSynchronizedBuildFileExceptionSet section */

/* Begin PBXFileSystemSynchronizedRootGroup section */
		69D91D182D90F84500456238 /* Maple */ = {
			isa = PBXFileSystemSynchronizedRootGroup;
			exceptions = (
				691211072DAFF82E00E3AA06 /* Exceptions for "Maple" folder in "Maple" target */,
			);
			path = Maple;
			sourceTree = "<group>";
		};
		69D91D292D90F84700456238 /* MapleTests */ = {
			isa = PBXFileSystemSynchronizedRootGroup;
			path = MapleTests;
			sourceTree = "<group>";
		};
		69D91D332D90F84700456238 /* MapleUITests */ = {
			isa = PBXFileSystemSynchronizedRootGroup;
			path = MapleUITests;
			sourceTree = "<group>";
		};
/* End PBXFileSystemSynchronizedRootGroup section */

/* Begin PBXFrameworksBuildPhase section */
		69D91D132D90F84500456238 /* Frameworks */ = {
			isa = PBXFrameworksBuildPhase;
			buildActionMask = 2147483647;
			files = (
				69D43B432E19D5F200DFE8B0 /* MusadoraKit in Frameworks */,
				6912110C2DB091B000E3AA06 /* SwiftyJSON in Frameworks */,
				695459A22DB9D1A200A3DB11 /* SwiftVibrantium in Frameworks */,
				6912110F2DB14E3000E3AA06 /* Alamofire in Frameworks */,
				695459992DB69EB300A3DB11 /* SocketIO in Frameworks */,
			);
			runOnlyForDeploymentPostprocessing = 0;
		};
		69D91D232D90F84700456238 /* Frameworks */ = {
			isa = PBXFrameworksBuildPhase;
			buildActionMask = 2147483647;
			files = (
			);
			runOnlyForDeploymentPostprocessing = 0;
		};
		69D91D2D2D90F84700456238 /* Frameworks */ = {
			isa = PBXFrameworksBuildPhase;
			buildActionMask = 2147483647;
			files = (
			);
			runOnlyForDeploymentPostprocessing = 0;
		};
/* End PBXFrameworksBuildPhase section */

/* Begin PBXGroup section */
		69D91D0D2D90F84500456238 = {
			isa = PBXGroup;
			children = (
				69CCFFCA2E11CAC100B3E242 /* AMPlayer.swift */,
				69283BAD2E0217B500C64EA4 /* AppIcon.xcassets */,
				6967809A2E00636A009FDE8D /* AppIcon.icon */,
				696780942DFC15D0009FDE8D /* Playlists.swift */,
				692833BF2DF5FC3A004868CB /* Search.swift */,
				695B2DCF2DC1721B00D3862A /* Settings.swift */,
				6954599A2DB6A10400A3DB11 /* SocketIO.swift */,
				6954599C2DB74F5A00A3DB11 /* mapleDefault.xcassets */,
				691211082DB01B9D00E3AA06 /* Account.swift */,
				695B297A2D910B2C00D24EF2 /* Home.swift */,
				691210E02DAF1D2F00E3AA06 /* Albums.swift */,
				691210E22DAF1EC900E3AA06 /* Artists.swift */,
				694C16B32D9468F300328F6D /* MusicButton.swift */,
				691210DE2DAF1C0800E3AA06 /* Tracks.swift */,
				69D91D182D90F84500456238 /* Maple */,
				69D91D292D90F84700456238 /* MapleTests */,
				69D91D332D90F84700456238 /* MapleUITests */,
				69D91D172D90F84500456238 /* Products */,
			);
			sourceTree = "<group>";
		};
		69D91D172D90F84500456238 /* Products */ = {
			isa = PBXGroup;
			children = (
				69D91D162D90F84500456238 /* Maple.app */,
				69D91D262D90F84700456238 /* MapleTests.xctest */,
				69D91D302D90F84700456238 /* MapleUITests.xctest */,
			);
			name = Products;
			sourceTree = "<group>";
		};
/* End PBXGroup section */

/* Begin PBXNativeTarget section */
		69D91D152D90F84500456238 /* Maple */ = {
			isa = PBXNativeTarget;
			buildConfigurationList = 69D91D3A2D90F84700456238 /* Build configuration list for PBXNativeTarget "Maple" */;
			buildPhases = (
				69D91D122D90F84500456238 /* Sources */,
				69D91D132D90F84500456238 /* Frameworks */,
				69D91D142D90F84500456238 /* Resources */,
			);
			buildRules = (
			);
			dependencies = (
			);
			fileSystemSynchronizedGroups = (
				69D91D182D90F84500456238 /* Maple */,
			);
			name = Maple;
			packageProductDependencies = (
				6912110B2DB091B000E3AA06 /* SwiftyJSON */,
				6912110E2DB14E3000E3AA06 /* Alamofire */,
				695459982DB69EB300A3DB11 /* SocketIO */,
				695459A12DB9D1A200A3DB11 /* SwiftVibrantium */,
				69D43B422E19D5F200DFE8B0 /* MusadoraKit */,
			);
			productName = Maple;
			productReference = 69D91D162D90F84500456238 /* Maple.app */;
			productType = "com.apple.product-type.application";
		};
		69D91D252D90F84700456238 /* MapleTests */ = {
			isa = PBXNativeTarget;
			buildConfigurationList = 69D91D3D2D90F84700456238 /* Build configuration list for PBXNativeTarget "MapleTests" */;
			buildPhases = (
				69D91D222D90F84700456238 /* Sources */,
				69D91D232D90F84700456238 /* Frameworks */,
				69D91D242D90F84700456238 /* Resources */,
			);
			buildRules = (
			);
			dependencies = (
				69D91D282D90F84700456238 /* PBXTargetDependency */,
			);
			fileSystemSynchronizedGroups = (
				69D91D292D90F84700456238 /* MapleTests */,
			);
			name = MapleTests;
			packageProductDependencies = (
			);
			productName = MapleTests;
			productReference = 69D91D262D90F84700456238 /* MapleTests.xctest */;
			productType = "com.apple.product-type.bundle.unit-test";
		};
		69D91D2F2D90F84700456238 /* MapleUITests */ = {
			isa = PBXNativeTarget;
			buildConfigurationList = 69D91D402D90F84700456238 /* Build configuration list for PBXNativeTarget "MapleUITests" */;
			buildPhases = (
				69D91D2C2D90F84700456238 /* Sources */,
				69D91D2D2D90F84700456238 /* Frameworks */,
				69D91D2E2D90F84700456238 /* Resources */,
			);
			buildRules = (
			);
			dependencies = (
				69D91D322D90F84700456238 /* PBXTargetDependency */,
			);
			fileSystemSynchronizedGroups = (
				69D91D332D90F84700456238 /* MapleUITests */,
			);
			name = MapleUITests;
			packageProductDependencies = (
			);
			productName = MapleUITests;
			productReference = 69D91D302D90F84700456238 /* MapleUITests.xctest */;
			productType = "com.apple.product-type.bundle.ui-testing";
		};
/* End PBXNativeTarget section */

/* Begin PBXProject section */
		69D91D0E2D90F84500456238 /* Project object */ = {
			isa = PBXProject;
			attributes = {
				BuildIndependentTargetsInParallel = 1;
				LastSwiftUpdateCheck = 1620;
				LastUpgradeCheck = 1620;
				TargetAttributes = {
					69D91D152D90F84500456238 = {
						CreatedOnToolsVersion = 16.2;
					};
					69D91D252D90F84700456238 = {
						CreatedOnToolsVersion = 16.2;
						TestTargetID = 69D91D152D90F84500456238;
					};
					69D91D2F2D90F84700456238 = {
						CreatedOnToolsVersion = 16.2;
						TestTargetID = 69D91D152D90F84500456238;
					};
				};
			};
			buildConfigurationList = 69D91D112D90F84500456238 /* Build configuration list for PBXProject "Maple" */;
			developmentRegion = en;
			hasScannedForEncodings = 0;
			knownRegions = (
				en,
				Base,
			);
			mainGroup = 69D91D0D2D90F84500456238;
			minimizedProjectReferenceProxies = 1;
			packageReferences = (
				6912110A2DB091B000E3AA06 /* XCRemoteSwiftPackageReference "SwiftyJSON" */,
				6912110D2DB14E3000E3AA06 /* XCRemoteSwiftPackageReference "Alamofire" */,
				695459972DB69EB300A3DB11 /* XCRemoteSwiftPackageReference "socket" */,
				695459A02DB9D1A200A3DB11 /* XCRemoteSwiftPackageReference "swift-vibrantium" */,
				69D43B412E19D5F200DFE8B0 /* XCRemoteSwiftPackageReference "MusadoraKit" */,
			);
			preferredProjectObjectVersion = 77;
			productRefGroup = 69D91D172D90F84500456238 /* Products */;
			projectDirPath = "";
			projectRoot = "";
			targets = (
				69D91D152D90F84500456238 /* Maple */,
				69D91D252D90F84700456238 /* MapleTests */,
				69D91D2F2D90F84700456238 /* MapleUITests */,
			);
		};
/* End PBXProject section */

/* Begin PBXResourcesBuildPhase section */
		69D91D142D90F84500456238 /* Resources */ = {
			isa = PBXResourcesBuildPhase;
			buildActionMask = 2147483647;
			files = (
				69283BAE2E0217B500C64EA4 /* AppIcon.xcassets in Resources */,
				6967809B2E00636A009FDE8D /* AppIcon.icon in Resources */,
				6954599D2DB74F5A00A3DB11 /* mapleDefault.xcassets in Resources */,
			);
			runOnlyForDeploymentPostprocessing = 0;
		};
		69D91D242D90F84700456238 /* Resources */ = {
			isa = PBXResourcesBuildPhase;
			buildActionMask = 2147483647;
			files = (
			);
			runOnlyForDeploymentPostprocessing = 0;
		};
		69D91D2E2D90F84700456238 /* Resources */ = {
			isa = PBXResourcesBuildPhase;
			buildActionMask = 2147483647;
			files = (
			);
			runOnlyForDeploymentPostprocessing = 0;
		};
/* End PBXResourcesBuildPhase section */

/* Begin PBXSourcesBuildPhase section */
		69D91D122D90F84500456238 /* Sources */ = {
			isa = PBXSourcesBuildPhase;
			buildActionMask = 2147483647;
			files = (
				695B297B2D910B2C00D24EF2 /* Home.swift in Sources */,
				694C16B42D9468F300328F6D /* MusicButton.swift in Sources */,
				691210E32DAF1EC900E3AA06 /* Artists.swift in Sources */,
				69CCFFCB2E11CAC100B3E242 /* AMPlayer.swift in Sources */,
				6954599B2DB6A10400A3DB11 /* SocketIO.swift in Sources */,
				691211092DB01B9D00E3AA06 /* Account.swift in Sources */,
				691210DF2DAF1C0800E3AA06 /* Tracks.swift in Sources */,
				696780952DFC15D0009FDE8D /* Playlists.swift in Sources */,
				695B2DD02DC1721B00D3862A /* Settings.swift in Sources */,
				691210E12DAF1D2F00E3AA06 /* Albums.swift in Sources */,
				692833C02DF5FC3A004868CB /* Search.swift in Sources */,
			);
			runOnlyForDeploymentPostprocessing = 0;
		};
		69D91D222D90F84700456238 /* Sources */ = {
			isa = PBXSourcesBuildPhase;
			buildActionMask = 2147483647;
			files = (
			);
			runOnlyForDeploymentPostprocessing = 0;
		};
		69D91D2C2D90F84700456238 /* Sources */ = {
			isa = PBXSourcesBuildPhase;
			buildActionMask = 2147483647;
			files = (
			);
			runOnlyForDeploymentPostprocessing = 0;
		};
/* End PBXSourcesBuildPhase section */

/* Begin PBXTargetDependency section */
		69D91D282D90F84700456238 /* PBXTargetDependency */ = {
			isa = PBXTargetDependency;
			target = 69D91D152D90F84500456238 /* Maple */;
			targetProxy = 69D91D272D90F84700456238 /* PBXContainerItemProxy */;
		};
		69D91D322D90F84700456238 /* PBXTargetDependency */ = {
			isa = PBXTargetDependency;
			target = 69D91D152D90F84500456238 /* Maple */;
			targetProxy = 69D91D312D90F84700456238 /* PBXContainerItemProxy */;
		};
/* End PBXTargetDependency section */

/* Begin XCBuildConfiguration section */
		69D91D382D90F84700456238 /* Debug */ = {
			isa = XCBuildConfiguration;
			buildSettings = {
				ALWAYS_SEARCH_USER_PATHS = NO;
				ASSETCATALOG_COMPILER_APPICON_NAME = AppIcon;
				ASSETCATALOG_COMPILER_GENERATE_SWIFT_ASSET_SYMBOL_EXTENSIONS = YES;
				CLANG_ANALYZER_NONNULL = YES;
				CLANG_ANALYZER_NUMBER_OBJECT_CONVERSION = YES_AGGRESSIVE;
				CLANG_CXX_LANGUAGE_STANDARD = "gnu++20";
				CLANG_ENABLE_MODULES = YES;
				CLANG_ENABLE_OBJC_ARC = YES;
				CLANG_ENABLE_OBJC_WEAK = YES;
				CLANG_WARN_BLOCK_CAPTURE_AUTORELEASING = YES;
				CLANG_WARN_BOOL_CONVERSION = YES;
				CLANG_WARN_COMMA = YES;
				CLANG_WARN_CONSTANT_CONVERSION = YES;
				CLANG_WARN_DEPRECATED_OBJC_IMPLEMENTATIONS = YES;
				CLANG_WARN_DIRECT_OBJC_ISA_USAGE = YES_ERROR;
				CLANG_WARN_DOCUMENTATION_COMMENTS = YES;
				CLANG_WARN_EMPTY_BODY = YES;
				CLANG_WARN_ENUM_CONVERSION = YES;
				CLANG_WARN_INFINITE_RECURSION = YES;
				CLANG_WARN_INT_CONVERSION = YES;
				CLANG_WARN_NON_LITERAL_NULL_CONVERSION = YES;
				CLANG_WARN_OBJC_IMPLICIT_RETAIN_SELF = YES;
				CLANG_WARN_OBJC_LITERAL_CONVERSION = YES;
				CLANG_WARN_OBJC_ROOT_CLASS = YES_ERROR;
				CLANG_WARN_QUOTED_INCLUDE_IN_FRAMEWORK_HEADER = YES;
				CLANG_WARN_RANGE_LOOP_ANALYSIS = YES;
				CLANG_WARN_STRICT_PROTOTYPES = YES;
				CLANG_WARN_SUSPICIOUS_MOVE = YES;
				CLANG_WARN_UNGUARDED_AVAILABILITY = YES_AGGRESSIVE;
				CLANG_WARN_UNREACHABLE_CODE = YES;
				CLANG_WARN__DUPLICATE_METHOD_MATCH = YES;
				COPY_PHASE_STRIP = NO;
				DEBUG_INFORMATION_FORMAT = dwarf;
				ENABLE_STRICT_OBJC_MSGSEND = YES;
				ENABLE_TESTABILITY = YES;
				ENABLE_USER_SCRIPT_SANDBOXING = YES;
				GCC_C_LANGUAGE_STANDARD = gnu17;
				GCC_DYNAMIC_NO_PIC = NO;
				GCC_NO_COMMON_BLOCKS = YES;
				GCC_OPTIMIZATION_LEVEL = 0;
				GCC_PREPROCESSOR_DEFINITIONS = (
					"DEBUG=1",
					"$(inherited)",
				);
				GCC_WARN_64_TO_32_BIT_CONVERSION = YES;
				GCC_WARN_ABOUT_RETURN_TYPE = YES_ERROR;
				GCC_WARN_UNDECLARED_SELECTOR = YES;
				GCC_WARN_UNINITIALIZED_AUTOS = YES_AGGRESSIVE;
				GCC_WARN_UNUSED_FUNCTION = YES;
				GCC_WARN_UNUSED_VARIABLE = YES;
				INFOPLIST_KEY_UISupportsDocumentBrowser = YES;
				IPHONEOS_DEPLOYMENT_TARGET = 18.0;
				LOCALIZATION_PREFERS_STRING_CATALOGS = YES;
				MTL_ENABLE_DEBUG_INFO = INCLUDE_SOURCE;
				MTL_FAST_MATH = YES;
				ONLY_ACTIVE_ARCH = YES;
				SDKROOT = iphoneos;
				SUPPORTS_MAC_DESIGNED_FOR_IPHONE_IPAD = YES;
				SUPPORTS_XR_DESIGNED_FOR_IPHONE_IPAD = YES;
				SWIFT_ACTIVE_COMPILATION_CONDITIONS = "DEBUG $(inherited)";
				SWIFT_OPTIMIZATION_LEVEL = "-Onone";
			};
			name = Debug;
		};
		69D91D392D90F84700456238 /* Release */ = {
			isa = XCBuildConfiguration;
			buildSettings = {
				ALWAYS_SEARCH_USER_PATHS = NO;
				ASSETCATALOG_COMPILER_APPICON_NAME = AppIcon;
				ASSETCATALOG_COMPILER_GENERATE_SWIFT_ASSET_SYMBOL_EXTENSIONS = YES;
				CLANG_ANALYZER_NONNULL = YES;
				CLANG_ANALYZER_NUMBER_OBJECT_CONVERSION = YES_AGGRESSIVE;
				CLANG_CXX_LANGUAGE_STANDARD = "gnu++20";
				CLANG_ENABLE_MODULES = YES;
				CLANG_ENABLE_OBJC_ARC = YES;
				CLANG_ENABLE_OBJC_WEAK = YES;
				CLANG_WARN_BLOCK_CAPTURE_AUTORELEASING = YES;
				CLANG_WARN_BOOL_CONVERSION = YES;
				CLANG_WARN_COMMA = YES;
				CLANG_WARN_CONSTANT_CONVERSION = YES;
				CLANG_WARN_DEPRECATED_OBJC_IMPLEMENTATIONS = YES;
				CLANG_WARN_DIRECT_OBJC_ISA_USAGE = YES_ERROR;
				CLANG_WARN_DOCUMENTATION_COMMENTS = YES;
				CLANG_WARN_EMPTY_BODY = YES;
				CLANG_WARN_ENUM_CONVERSION = YES;
				CLANG_WARN_INFINITE_RECURSION = YES;
				CLANG_WARN_INT_CONVERSION = YES;
				CLANG_WARN_NON_LITERAL_NULL_CONVERSION = YES;
				CLANG_WARN_OBJC_IMPLICIT_RETAIN_SELF = YES;
				CLANG_WARN_OBJC_LITERAL_CONVERSION = YES;
				CLANG_WARN_OBJC_ROOT_CLASS = YES_ERROR;
				CLANG_WARN_QUOTED_INCLUDE_IN_FRAMEWORK_HEADER = YES;
				CLANG_WARN_RANGE_LOOP_ANALYSIS = YES;
				CLANG_WARN_STRICT_PROTOTYPES = YES;
				CLANG_WARN_SUSPICIOUS_MOVE = YES;
				CLANG_WARN_UNGUARDED_AVAILABILITY = YES_AGGRESSIVE;
				CLANG_WARN_UNREACHABLE_CODE = YES;
				CLANG_WARN__DUPLICATE_METHOD_MATCH = YES;
				COPY_PHASE_STRIP = NO;
				DEBUG_INFORMATION_FORMAT = "dwarf-with-dsym";
				ENABLE_NS_ASSERTIONS = NO;
				ENABLE_STRICT_OBJC_MSGSEND = YES;
				ENABLE_USER_SCRIPT_SANDBOXING = YES;
				GCC_C_LANGUAGE_STANDARD = gnu17;
				GCC_NO_COMMON_BLOCKS = YES;
				GCC_WARN_64_TO_32_BIT_CONVERSION = YES;
				GCC_WARN_ABOUT_RETURN_TYPE = YES_ERROR;
				GCC_WARN_UNDECLARED_SELECTOR = YES;
				GCC_WARN_UNINITIALIZED_AUTOS = YES_AGGRESSIVE;
				GCC_WARN_UNUSED_FUNCTION = YES;
				GCC_WARN_UNUSED_VARIABLE = YES;
				INFOPLIST_KEY_UISupportsDocumentBrowser = YES;
				IPHONEOS_DEPLOYMENT_TARGET = 18.0;
				LOCALIZATION_PREFERS_STRING_CATALOGS = YES;
				MTL_ENABLE_DEBUG_INFO = NO;
				MTL_FAST_MATH = YES;
				SDKROOT = iphoneos;
				SUPPORTS_MAC_DESIGNED_FOR_IPHONE_IPAD = YES;
				SUPPORTS_XR_DESIGNED_FOR_IPHONE_IPAD = YES;
				SWIFT_COMPILATION_MODE = wholemodule;
				VALIDATE_PRODUCT = YES;
			};
			name = Release;
		};
		69D91D3B2D90F84700456238 /* Debug */ = {
			isa = XCBuildConfiguration;
			buildSettings = {
				ASSETCATALOG_COMPILER_APPICON_NAME = AppIcon;
				ASSETCATALOG_COMPILER_GLOBAL_ACCENT_COLOR_NAME = AccentColor;
				ASSETCATALOG_COMPILER_INCLUDE_ALL_APPICON_ASSETS = NO;
				CODE_SIGN_IDENTITY = "Apple Development";
				CODE_SIGN_STYLE = Automatic;
				CURRENT_PROJECT_VERSION = 1;
				DEVELOPMENT_ASSET_PATHS = "\"Maple/Preview Content\"";
				DEVELOPMENT_TEAM = P6PV2R9443;
				ENABLE_PREVIEWS = YES;
				GENERATE_INFOPLIST_FILE = YES;
				INFOPLIST_FILE = Maple/Info.plist;
				INFOPLIST_KEY_LSApplicationCategoryType = "public.app-category.music";
				INFOPLIST_KEY_UIApplicationSceneManifest_Generation = YES;
				INFOPLIST_KEY_UIApplicationSupportsIndirectInputEvents = YES;
				INFOPLIST_KEY_UILaunchScreen_Generation = YES;
				INFOPLIST_KEY_UISupportedInterfaceOrientations = "UIInterfaceOrientationLandscapeLeft UIInterfaceOrientationLandscapeRight UIInterfaceOrientationPortrait UIInterfaceOrientationPortraitUpsideDown";
				INFOPLIST_KEY_UISupportsDocumentBrowser = YES;
				IPHONEOS_DEPLOYMENT_TARGET = 18.0;
				LD_RUNPATH_SEARCH_PATHS = (
					"$(inherited)",
					"@executable_path/Frameworks",
				);
				MARKETING_VERSION = 0.2.0;
				PRODUCT_BUNDLE_IDENTIFIER = dev.hammerpot.Maple;
				PRODUCT_NAME = "$(TARGET_NAME)";
				PROVISIONING_PROFILE_SPECIFIER = "";
				SWIFT_EMIT_LOC_STRINGS = YES;
				SWIFT_VERSION = 5.0;
				TARGETED_DEVICE_FAMILY = "1,2";
			};
			name = Debug;
		};
		69D91D3C2D90F84700456238 /* Release */ = {
			isa = XCBuildConfiguration;
			buildSettings = {
				ASSETCATALOG_COMPILER_APPICON_NAME = AppIcon;
				ASSETCATALOG_COMPILER_GLOBAL_ACCENT_COLOR_NAME = AccentColor;
				ASSETCATALOG_COMPILER_INCLUDE_ALL_APPICON_ASSETS = NO;
				CODE_SIGN_IDENTITY = "Apple Development";
				CODE_SIGN_STYLE = Automatic;
				CURRENT_PROJECT_VERSION = 1;
				DEVELOPMENT_ASSET_PATHS = "\"Maple/Preview Content\"";
				DEVELOPMENT_TEAM = P6PV2R9443;
				ENABLE_PREVIEWS = YES;
				GENERATE_INFOPLIST_FILE = YES;
				INFOPLIST_FILE = Maple/Info.plist;
				INFOPLIST_KEY_LSApplicationCategoryType = "public.app-category.music";
				INFOPLIST_KEY_UIApplicationSceneManifest_Generation = YES;
				INFOPLIST_KEY_UIApplicationSupportsIndirectInputEvents = YES;
				INFOPLIST_KEY_UILaunchScreen_Generation = YES;
				INFOPLIST_KEY_UISupportedInterfaceOrientations = "UIInterfaceOrientationLandscapeLeft UIInterfaceOrientationLandscapeRight UIInterfaceOrientationPortrait UIInterfaceOrientationPortraitUpsideDown";
				INFOPLIST_KEY_UISupportsDocumentBrowser = YES;
				IPHONEOS_DEPLOYMENT_TARGET = 18.0;
				LD_RUNPATH_SEARCH_PATHS = (
					"$(inherited)",
					"@executable_path/Frameworks",
				);
				MARKETING_VERSION = 0.2.0;
				PRODUCT_BUNDLE_IDENTIFIER = dev.hammerpot.Maple;
				PRODUCT_NAME = "$(TARGET_NAME)";
				PROVISIONING_PROFILE_SPECIFIER = "";
				SWIFT_EMIT_LOC_STRINGS = YES;
				SWIFT_VERSION = 5.0;
				TARGETED_DEVICE_FAMILY = "1,2";
			};
			name = Release;
		};
		69D91D3E2D90F84700456238 /* Debug */ = {
			isa = XCBuildConfiguration;
			buildSettings = {
				BUNDLE_LOADER = "$(TEST_HOST)";
				CODE_SIGN_STYLE = Automatic;
				CURRENT_PROJECT_VERSION = 1;
				DEVELOPMENT_TEAM = BT2ZA8S87T;
				GENERATE_INFOPLIST_FILE = YES;
				IPHONEOS_DEPLOYMENT_TARGET = 18.0;
				MARKETING_VERSION = 1.0;
				PRODUCT_BUNDLE_IDENTIFIER = dev.hammerpot.MapleTests;
				PRODUCT_NAME = "$(TARGET_NAME)";
				SWIFT_EMIT_LOC_STRINGS = NO;
				SWIFT_VERSION = 5.0;
				TARGETED_DEVICE_FAMILY = "1,2";
				TEST_HOST = "$(BUILT_PRODUCTS_DIR)/Maple.app/$(BUNDLE_EXECUTABLE_FOLDER_PATH)/Maple";
			};
			name = Debug;
		};
		69D91D3F2D90F84700456238 /* Release */ = {
			isa = XCBuildConfiguration;
			buildSettings = {
				BUNDLE_LOADER = "$(TEST_HOST)";
				CODE_SIGN_STYLE = Automatic;
				CURRENT_PROJECT_VERSION = 1;
				DEVELOPMENT_TEAM = BT2ZA8S87T;
				GENERATE_INFOPLIST_FILE = YES;
				IPHONEOS_DEPLOYMENT_TARGET = 18.0;
				MARKETING_VERSION = 1.0;
				PRODUCT_BUNDLE_IDENTIFIER = dev.hammerpot.MapleTests;
				PRODUCT_NAME = "$(TARGET_NAME)";
				SWIFT_EMIT_LOC_STRINGS = NO;
				SWIFT_VERSION = 5.0;
				TARGETED_DEVICE_FAMILY = "1,2";
				TEST_HOST = "$(BUILT_PRODUCTS_DIR)/Maple.app/$(BUNDLE_EXECUTABLE_FOLDER_PATH)/Maple";
			};
			name = Release;
		};
		69D91D412D90F84700456238 /* Debug */ = {
			isa = XCBuildConfiguration;
			buildSettings = {
				CODE_SIGN_STYLE = Automatic;
				CURRENT_PROJECT_VERSION = 1;
				DEVELOPMENT_TEAM = BT2ZA8S87T;
				GENERATE_INFOPLIST_FILE = YES;
				MARKETING_VERSION = 1.0;
				PRODUCT_BUNDLE_IDENTIFIER = dev.hammerpot.MapleUITests;
				PRODUCT_NAME = "$(TARGET_NAME)";
				SWIFT_EMIT_LOC_STRINGS = NO;
				SWIFT_VERSION = 5.0;
				TARGETED_DEVICE_FAMILY = "1,2";
				TEST_TARGET_NAME = Maple;
			};
			name = Debug;
		};
		69D91D422D90F84700456238 /* Release */ = {
			isa = XCBuildConfiguration;
			buildSettings = {
				CODE_SIGN_STYLE = Automatic;
				CURRENT_PROJECT_VERSION = 1;
				DEVELOPMENT_TEAM = BT2ZA8S87T;
				GENERATE_INFOPLIST_FILE = YES;
				MARKETING_VERSION = 1.0;
				PRODUCT_BUNDLE_IDENTIFIER = dev.hammerpot.MapleUITests;
				PRODUCT_NAME = "$(TARGET_NAME)";
				SWIFT_EMIT_LOC_STRINGS = NO;
				SWIFT_VERSION = 5.0;
				TARGETED_DEVICE_FAMILY = "1,2";
				TEST_TARGET_NAME = Maple;
			};
			name = Release;
		};
/* End XCBuildConfiguration section */

/* Begin XCConfigurationList section */
		69D91D112D90F84500456238 /* Build configuration list for PBXProject "Maple" */ = {
			isa = XCConfigurationList;
			buildConfigurations = (
				69D91D382D90F84700456238 /* Debug */,
				69D91D392D90F84700456238 /* Release */,
			);
			defaultConfigurationIsVisible = 0;
			defaultConfigurationName = Release;
		};
		69D91D3A2D90F84700456238 /* Build configuration list for PBXNativeTarget "Maple" */ = {
			isa = XCConfigurationList;
			buildConfigurations = (
				69D91D3B2D90F84700456238 /* Debug */,
				69D91D3C2D90F84700456238 /* Release */,
			);
			defaultConfigurationIsVisible = 0;
			defaultConfigurationName = Release;
		};
		69D91D3D2D90F84700456238 /* Build configuration list for PBXNativeTarget "MapleTests" */ = {
			isa = XCConfigurationList;
			buildConfigurations = (
				69D91D3E2D90F84700456238 /* Debug */,
				69D91D3F2D90F84700456238 /* Release */,
			);
			defaultConfigurationIsVisible = 0;
			defaultConfigurationName = Release;
		};
		69D91D402D90F84700456238 /* Build configuration list for PBXNativeTarget "MapleUITests" */ = {
			isa = XCConfigurationList;
			buildConfigurations = (
				69D91D412D90F84700456238 /* Debug */,
				69D91D422D90F84700456238 /* Release */,
			);
			defaultConfigurationIsVisible = 0;
			defaultConfigurationName = Release;
		};
/* End XCConfigurationList section */

/* Begin XCRemoteSwiftPackageReference section */
		6912110A2DB091B000E3AA06 /* XCRemoteSwiftPackageReference "SwiftyJSON" */ = {
			isa = XCRemoteSwiftPackageReference;
			repositoryURL = "https://github.com/SwiftyJSON/SwiftyJSON.git";
			requirement = {
				kind = upToNextMajorVersion;
				minimumVersion = 5.0.2;
			};
		};
		6912110D2DB14E3000E3AA06 /* XCRemoteSwiftPackageReference "Alamofire" */ = {
			isa = XCRemoteSwiftPackageReference;
			repositoryURL = "https://github.com/Alamofire/Alamofire.git";
			requirement = {
				kind = upToNextMajorVersion;
				minimumVersion = 5.10.2;
			};
		};
		695459972DB69EB300A3DB11 /* XCRemoteSwiftPackageReference "socket" */ = {
			isa = XCRemoteSwiftPackageReference;
			repositoryURL = "https://github.com/socketio/socket.io-client-swift";
			requirement = {
				branch = master;
				kind = branch;
			};
		};
		695459A02DB9D1A200A3DB11 /* XCRemoteSwiftPackageReference "swift-vibrantium" */ = {
			isa = XCRemoteSwiftPackageReference;
			repositoryURL = "https://github.com/jasval/swift-vibrantium";
			requirement = {
				kind = upToNextMajorVersion;
				minimumVersion = 1.0.0;
			};
		};
		69D43B412E19D5F200DFE8B0 /* XCRemoteSwiftPackageReference "MusadoraKit" */ = {
			isa = XCRemoteSwiftPackageReference;
			repositoryURL = "https://github.com/rryam/MusadoraKit";
			requirement = {
				branch = main;
				kind = branch;
			};
		};
/* End XCRemoteSwiftPackageReference section */

/* Begin XCSwiftPackageProductDependency section */
		6912110B2DB091B000E3AA06 /* SwiftyJSON */ = {
			isa = XCSwiftPackageProductDependency;
			package = 6912110A2DB091B000E3AA06 /* XCRemoteSwiftPackageReference "SwiftyJSON" */;
			productName = SwiftyJSON;
		};
		6912110E2DB14E3000E3AA06 /* Alamofire */ = {
			isa = XCSwiftPackageProductDependency;
			package = 6912110D2DB14E3000E3AA06 /* XCRemoteSwiftPackageReference "Alamofire" */;
			productName = Alamofire;
		};
		695459982DB69EB300A3DB11 /* SocketIO */ = {
			isa = XCSwiftPackageProductDependency;
			package = 695459972DB69EB300A3DB11 /* XCRemoteSwiftPackageReference "socket" */;
			productName = SocketIO;
		};
		695459A12DB9D1A200A3DB11 /* SwiftVibrantium */ = {
			isa = XCSwiftPackageProductDependency;
			package = 695459A02DB9D1A200A3DB11 /* XCRemoteSwiftPackageReference "swift-vibrantium" */;
			productName = SwiftVibrantium;
		};
		69D43B422E19D5F200DFE8B0 /* MusadoraKit */ = {
			isa = XCSwiftPackageProductDependency;
			package = 69D43B412E19D5F200DFE8B0 /* XCRemoteSwiftPackageReference "MusadoraKit" */;
			productName = MusadoraKit;
		};
/* End XCSwiftPackageProductDependency section */
	};
	rootObject = 69D91D0E2D90F84500456238 /* Project object */;
}
