{
  "originHash" : "99d08b726fc8a5d1eadb9517384adc8574bb23797c83dba867de106adbb1796a",
  "pins" : [
    {
      "identity" : "alamofire",
      "kind" : "remoteSourceControl",
      "location" : "https://github.com/Alamofire/Alamofire.git",
      "state" : {
        "revision" : "513364f870f6bfc468f9d2ff0a95caccc10044c5",
        "version" : "5.10.2"
      }
    },
    {
      "identity" : "musadorakit",
      "kind" : "remoteSourceControl",
      "location" : "https://github.com/rryam/MusadoraKit",
      "state" : {
        "branch" : "main",
        "revision" : "402a2b9fdf0d507fdfdbb7e1d1efa95b52710142"
      }
    },
    {
      "identity" : "socket.io-client-swift",
      "kind" : "remoteSourceControl",
      "location" : "https://github.com/socketio/socket.io-client-swift",
      "state" : {
        "branch" : "master",
        "revision" : "42da871d9369f290d6ec4930636c40672143905b"
      }
    },
    {
      "identity" : "starscream",
      "kind" : "remoteSourceControl",
      "location" : "https://github.com/daltoniam/Starscream",
      "state" : {
        "revision" : "c6bfd1af48efcc9a9ad203665db12375ba6b145a",
        "version" : "4.0.8"
      }
    },
    {
      "identity" : "swift-vibrantium",
      "kind" : "remoteSourceControl",
      "location" : "https://github.com/jasval/swift-vibrantium",
      "state" : {
        "revision" : "0aa974e1c72d125d34d42ff867dfd8cf81cb735f",
        "version" : "1.0.0"
      }
    },
    {
      "identity" : "swiftui-snackbar",
      "kind" : "remoteSourceControl",
      "location" : "https://github.com/chrisnyw/SwiftUI-Snackbar",
      "state" : {
        "revision" : "c62d8622ffbdef00218c1d5b93b32074ac0fbdcb",
        "version" : "1.0.1"
      }
    },
    {
      "identity" : "swiftyjson",
      "kind" : "remoteSourceControl",
      "location" : "https://github.com/SwiftyJSON/SwiftyJSON.git",
      "state" : {
        "revision" : "af76cf3ef710b6ca5f8c05f3a31307d44a3c5828",
        "version" : "5.0.2"
      }
    }
  ],
  "version" : 3
}
